
Microsoft Visual Studio Solution File, Format Version 12.00
# Visual Studio Version 17
VisualStudioVersion = 17.7.34024.191
MinimumVisualStudioVersion = 10.0.40219.1
Project("{FAE04EC0-301F-11D3-BF4B-00C04F79EFBC}") = "DnD Character Creator", "DnD Character Creator\DnD Character Creator.csproj", "{F158CDF3-CD04-4CF7-84AB-5381A4BE33C3}"
EndProject
Project("{2150E333-8FDC-42A3-9474-1A3956D46DE8}") = "Solution Items", "Solution Items", "{76ADFE8E-8B06-4690-B2F3-5870BC601A8B}"
	ProjectSection(SolutionItems) = preProject
		DnD Character Creator\NewInterface.cs = DnD Character Creator\NewInterface.cs
		DnD Character Creator\Stats.cs = DnD Character Creator\Stats.cs
	EndProjectSection
EndProject
Project("{2150E333-8FDC-42A3-9474-1A3956D46DE8}") = "Classes", "Classes", "{CACB187B-C26A-491D-9A96-C044B4740D92}"
	ProjectSection(SolutionItems) = preProject
		Class1.cs = Class1.cs
		Sample = Sample
	EndProjectSection
EndProject
Global
	GlobalSection(SolutionConfigurationPlatforms) = preSolution
		Debug|Any CPU = Debug|Any CPU
		Release|Any CPU = Release|Any CPU
	EndGlobalSection
	GlobalSection(ProjectConfigurationPlatforms) = postSolution
		{F158CDF3-CD04-4CF7-84AB-5381A4BE33C3}.Debug|Any CPU.ActiveCfg = Debug|Any CPU
		{F158CDF3-CD04-4CF7-84AB-5381A4BE33C3}.Debug|Any CPU.Build.0 = Debug|Any CPU
		{F158CDF3-CD04-4CF7-84AB-5381A4BE33C3}.Release|Any CPU.ActiveCfg = Release|Any CPU
		{F158CDF3-CD04-4CF7-84AB-5381A4BE33C3}.Release|Any CPU.Build.0 = Release|Any CPU
	EndGlobalSection
	GlobalSection(SolutionProperties) = preSolution
		HideSolutionNode = FALSE
	EndGlobalSection
	GlobalSection(NestedProjects) = preSolution
		{CACB187B-C26A-491D-9A96-C044B4740D92} = {76ADFE8E-8B06-4690-B2F3-5870BC601A8B}
	EndGlobalSection
	GlobalSection(ExtensibilityGlobals) = postSolution
		SolutionGuid = {AFC6A1D2-796B-40FD-AC58-06DA78D94554}
	EndGlobalSection
EndGlobal
